
Microsoft Visual Studio Solution File, Format Version 12.00
# Visual Studio 2012
Project("{8BC9CEB8-8B4A-11D0-8D11-00A0C91BC942}") = "SpaceInvaders", "SpaceInvaders\SpaceInvaders.vcxproj", "{AA44C98D-CE3C-4CBB-B9B6-3598450DE02F}"
EndProject
Global
	GlobalSection(SolutionConfigurationPlatforms) = preSolution
		Debug|Win32 = Debug|Win32
		Release|Win32 = Release|Win32
	EndGlobalSection
	GlobalSection(ProjectConfigurationPlatforms) = postSolution
		{AA44C98D-CE3C-4CBB-B9B6-3598450DE02F}.Debug|Win32.ActiveCfg = Debug|Win32
		{AA44C98D-CE3C-4CBB-B9B6-3598450DE02F}.Debug|Win32.Build.0 = Debug|Win32
		{AA44C98D-CE3C-4CBB-B9B6-3598450DE02F}.Release|Win32.ActiveCfg = Release|Win32
		{AA44C98D-CE3C-4CBB-B9B6-3598450DE02F}.Release|Win32.Build.0 = Release|Win32
	EndGlobalSection
	GlobalSection(SolutionProperties) = preSolution
		HideSolutionNode = FALSE
	EndGlobalSection
EndGlobal
